
Microsoft Visual Studio Solution File, Format Version 12.00
# Visual Studio Version 17
VisualStudioVersion = 17.4.33122.133
MinimumVisualStudioVersion = 10.0.40219.1
Project("{FAE04EC0-301F-11D3-BF4B-00C04F79EFBC}") = "proiect", "proiect.csproj", "{5BDAD63E-96F5-477B-AFF6-42E31AEF483E}"
EndProject
Global
	GlobalSection(SolutionConfigurationPlatforms) = preSolution
		Debug|Any CPU = Debug|Any CPU
		Release|Any CPU = Release|Any CPU
	EndGlobalSection
	GlobalSection(ProjectConfigurationPlatforms) = postSolution
		{5BDAD63E-96F5-477B-AFF6-42E31AEF483E}.Debug|Any CPU.ActiveCfg = Debug|Any CPU
		{5BDAD63E-96F5-477B-AFF6-42E31AEF483E}.Debug|Any CPU.Build.0 = Debug|Any CPU
		{5BDAD63E-96F5-477B-AFF6-42E31AEF483E}.Release|Any CPU.ActiveCfg = Release|Any CPU
		{5BDAD63E-96F5-477B-AFF6-42E31AEF483E}.Release|Any CPU.Build.0 = Release|Any CPU
	EndGlobalSection
	GlobalSection(SolutionProperties) = preSolution
		HideSolutionNode = FALSE
	EndGlobalSection
	GlobalSection(ExtensibilityGlobals) = postSolution
		SolutionGuid = {B70960F8-52A4-4777-9A22-0599889D2007}
	EndGlobalSection
EndGlobal
